
Microsoft Visual Studio Solution File, Format Version 12.00
# Visual Studio Version 16
VisualStudioVersion = 16.0.28803.202
MinimumVisualStudioVersion = 10.0.40219.1
Project("{FAE04EC0-301F-11D3-BF4B-00C04F79EFBC}") = "Command", "Command\Command.csproj", "{491157B3-8C8E-4B4F-A046-A8F296B5C149}"
EndProject
Global
	GlobalSection(SolutionConfigurationPlatforms) = preSolution
		Debug|Any CPU = Debug|Any CPU
		Release|Any CPU = Release|Any CPU
	EndGlobalSection
	GlobalSection(ProjectConfigurationPlatforms) = postSolution
		{491157B3-8C8E-4B4F-A046-A8F296B5C149}.Debug|Any CPU.ActiveCfg = Debug|Any CPU
		{491157B3-8C8E-4B4F-A046-A8F296B5C149}.Debug|Any CPU.Build.0 = Debug|Any CPU
		{491157B3-8C8E-4B4F-A046-A8F296B5C149}.Release|Any CPU.ActiveCfg = Release|Any CPU
		{491157B3-8C8E-4B4F-A046-A8F296B5C149}.Release|Any CPU.Build.0 = Release|Any CPU
	EndGlobalSection
	GlobalSection(SolutionProperties) = preSolution
		HideSolutionNode = FALSE
	EndGlobalSection
	GlobalSection(ExtensibilityGlobals) = postSolution
		SolutionGuid = {AFD2B76A-D276-4C69-A7CF-5FF19ED634B5}
	EndGlobalSection
EndGlobal
